
Microsoft Visual Studio Solution File, Format Version 12.00
# Visual Studio 15
VisualStudioVersion = 15.0.26730.10
MinimumVisualStudioVersion = 10.0.40219.1
Project("{2150E333-8FDC-42A3-9474-1A3956D46DE8}") = "src", "src", "{EE8AB7BD-9057-4AE4-97F2-3878BA254387}"
EndProject
Project("{2150E333-8FDC-42A3-9474-1A3956D46DE8}") = "test", "test", "{C42B9F62-5E45-4C7B-B54E-35FC41233E07}"
EndProject
Project("{2150E333-8FDC-42A3-9474-1A3956D46DE8}") = "Solution Items", "Solution Items", "{1ACC6B91-0280-4B7F-A004-4522CD7B3F83}"
	ProjectSection(SolutionItems) = preProject
		.gitignore = .gitignore
		LICENSE = LICENSE
		README.md = README.md
		Settings.StyleCop = Settings.StyleCop
		WebJobActivator.runsettings = WebJobActivator.runsettings
		WebJobActivator.sln.DotSettings = WebJobActivator.sln.DotSettings
	EndProjectSection
EndProject
Project("{FAE04EC0-301F-11D3-BF4B-00C04F79EFBC}") = "WebJobActivator.Core", "src\WebJobActivator.Core\WebJobActivator.Core.csproj", "{F8C61EAD-2CAC-468A-892A-96D9996C0FE6}"
EndProject
Project("{FAE04EC0-301F-11D3-BF4B-00C04F79EFBC}") = "WebJobActivator.Core.Tests", "test\WebJobActivator.Core.Tests\WebJobActivator.Core.Tests.csproj", "{181FB43D-D389-483E-8E3E-35360CD2E43F}"
EndProject
Global
	GlobalSection(SolutionConfigurationPlatforms) = preSolution
		Debug|Any CPU = Debug|Any CPU
		Release|Any CPU = Release|Any CPU
	EndGlobalSection
	GlobalSection(ProjectConfigurationPlatforms) = postSolution
		{F8C61EAD-2CAC-468A-892A-96D9996C0FE6}.Debug|Any CPU.ActiveCfg = Debug|Any CPU
		{F8C61EAD-2CAC-468A-892A-96D9996C0FE6}.Debug|Any CPU.Build.0 = Debug|Any CPU
		{F8C61EAD-2CAC-468A-892A-96D9996C0FE6}.Release|Any CPU.ActiveCfg = Release|Any CPU
		{F8C61EAD-2CAC-468A-892A-96D9996C0FE6}.Release|Any CPU.Build.0 = Release|Any CPU
		{181FB43D-D389-483E-8E3E-35360CD2E43F}.Debug|Any CPU.ActiveCfg = Debug|Any CPU
		{181FB43D-D389-483E-8E3E-35360CD2E43F}.Debug|Any CPU.Build.0 = Debug|Any CPU
		{181FB43D-D389-483E-8E3E-35360CD2E43F}.Release|Any CPU.ActiveCfg = Release|Any CPU
		{181FB43D-D389-483E-8E3E-35360CD2E43F}.Release|Any CPU.Build.0 = Release|Any CPU
	EndGlobalSection
	GlobalSection(SolutionProperties) = preSolution
		HideSolutionNode = FALSE
	EndGlobalSection
	GlobalSection(NestedProjects) = preSolution
		{F8C61EAD-2CAC-468A-892A-96D9996C0FE6} = {EE8AB7BD-9057-4AE4-97F2-3878BA254387}
		{181FB43D-D389-483E-8E3E-35360CD2E43F} = {C42B9F62-5E45-4C7B-B54E-35FC41233E07}
	EndGlobalSection
	GlobalSection(ExtensibilityGlobals) = postSolution
		SolutionGuid = {A52ADBD1-4047-4489-AD64-952EF3042293}
	EndGlobalSection
EndGlobal
